// !$*UTF8*$!
{
	archiveVersion = 1;
	classes = {
	};
	objectVersion = 50;
	objects = {

/* Begin PBXBuildFile section */
		BA44652823B6EBF8009071F6 /* AppDelegate.swift in Sources */ = {isa = PBXBuildFile; fileRef = BA44652723B6EBF8009071F6 /* AppDelegate.swift */; };
		BA44652A23B6EBF8009071F6 /* SceneDelegate.swift in Sources */ = {isa = PBXBuildFile; fileRef = BA44652923B6EBF8009071F6 /* SceneDelegate.swift */; };
		BA44652C23B6EBF8009071F6 /* ContentView.swift in Sources */ = {isa = PBXBuildFile; fileRef = BA44652B23B6EBF8009071F6 /* ContentView.swift */; };
		BA44652E23B6EBFA009071F6 /* Assets.xcassets in Resources */ = {isa = PBXBuildFile; fileRef = BA44652D23B6EBFA009071F6 /* Assets.xcassets */; };
		BA44653123B6EBFA009071F6 /* Preview Assets.xcassets in Resources */ = {isa = PBXBuildFile; fileRef = BA44653023B6EBFA009071F6 /* Preview Assets.xcassets */; };
		BA44653423B6EBFA009071F6 /* LaunchScreen.storyboard in Resources */ = {isa = PBXBuildFile; fileRef = BA44653223B6EBFA009071F6 /* LaunchScreen.storyboard */; };
/* End PBXBuildFile section */

/* Begin PBXFileReference section */
		BA44652423B6EBF8009071F6 /* helloSwiftUI01.app */ = {isa = PBXFileReference; explicitFileType = wrapper.application; includeInIndex = 0; path = helloSwiftUI01.app; sourceTree = BUILT_PRODUCTS_DIR; };
		BA44652723B6EBF8009071F6 /* AppDelegate.swift */ = {isa = PBXFileReference; lastKnownFileType = sourcecode.swift; path = AppDelegate.swift; sourceTree = "<group>"; };
		BA44652923B6EBF8009071F6 /* SceneDelegate.swift */ = {isa = PBXFileReference; lastKnownFileType = sourcecode.swift; path = SceneDelegate.swift; sourceTree = "<group>"; };
		BA44652B23B6EBF8009071F6 /* ContentView.swift */ = {isa = PBXFileReference; lastKnownFileType = sourcecode.swift; path = ContentView.swift; sourceTree = "<group>"; };
		BA44652D23B6EBFA009071F6 /* Assets.xcassets */ = {isa = PBXFileReference; lastKnownFileType = folder.assetcatalog; path = Assets.xcassets; sourceTree = "<group>"; };
		BA44653023B6EBFA009071F6 /* Preview Assets.xcassets */ = {isa = PBXFileReference; lastKnownFileType = folder.assetcatalog; path = "Preview Assets.xcassets"; sourceTree = "<group>"; };
		BA44653323B6EBFA009071F6 /* Base */ = {isa = PBXFileReference; lastKnownFileType = file.storyboard; name = Base; path = Base.lproj/LaunchScreen.storyboard; sourceTree = "<group>"; };
		BA44653523B6EBFA009071F6 /* Info.plist */ = {isa = PBXFileReference; lastKnownFileType = text.plist.xml; path = Info.plist; sourceTree = "<group>"; };
/* End PBXFileReference section */

/* Begin PBXFrameworksBuildPhase section */
		BA44652123B6EBF8009071F6 /* Frameworks */ = {
			isa = PBXFrameworksBuildPhase;
			buildActionMask = 2147483647;
			files = (
			);
			runOnlyForDeploymentPostprocessing = 0;
		};
/* End PBXFrameworksBuildPhase section */

/* Begin PBXGroup section */
		BA44651B23B6EBF8009071F6 = {
			isa = PBXGroup;
			children = (
				BA44652623B6EBF8009071F6 /* helloSwiftUI01 */,
				BA44652523B6EBF8009071F6 /* Products */,
			);
			sourceTree = "<group>";
		};
		BA44652523B6EBF8009071F6 /* Products */ = {
			isa = PBXGroup;
			children = (
				BA44652423B6EBF8009071F6 /* helloSwiftUI01.app */,
			);
			name = Products;
			sourceTree = "<group>";
		};
		BA44652623B6EBF8009071F6 /* helloSwiftUI01 */ = {
			isa = PBXGroup;
			children = (
				BA44652723B6EBF8009071F6 /* AppDelegate.swift */,
				BA44652923B6EBF8009071F6 /* SceneDelegate.swift */,
				BA44652B23B6EBF8009071F6 /* ContentView.swift */,
				BA44652D23B6EBFA009071F6 /* Assets.xcassets */,
				BA44653223B6EBFA009071F6 /* LaunchScreen.storyboard */,
				BA44653523B6EBFA009071F6 /* Info.plist */,
				BA44652F23B6EBFA009071F6 /* Preview Content */,
			);
			path = helloSwiftUI01;
			sourceTree = "<group>";
		};
		BA44652F23B6EBFA009071F6 /* Preview Content */ = {
			isa = PBXGroup;
			children = (
				BA44653023B6EBFA009071F6 /* Preview Assets.xcassets */,
			);
			path = "Preview Content";
			sourceTree = "<group>";
		};
/* End PBXGroup section */

/* Begin PBXNativeTarget section */
		BA44652323B6EBF8009071F6 /* helloSwiftUI01 */ = {
			isa = PBXNativeTarget;
			buildConfigurationList = BA44653823B6EBFA009071F6 /* Build configuration list for PBXNativeTarget "helloSwiftUI01" */;
			buildPhases = (
				BA44652023B6EBF8009071F6 /* Sources */,
				BA44652123B6EBF8009071F6 /* Frameworks */,
				BA44652223B6EBF8009071F6 /* Resources */,
			);
			buildRules = (
			);
			dependencies = (
			);
			name = helloSwiftUI01;
			productName = helloSwiftUI01;
			productReference = BA44652423B6EBF8009071F6 /* helloSwiftUI01.app */;
			productType = "com.apple.product-type.application";
		};
/* End PBXNativeTarget section */

/* Begin PBXProject section */
		BA44651C23B6EBF8009071F6 /* Project object */ = {
			isa = PBXProject;
			attributes = {
				LastSwiftUpdateCheck = 1130;
				LastUpgradeCheck = 1130;
				ORGANIZATIONNAME = "申潤五";
				TargetAttributes = {
					BA44652323B6EBF8009071F6 = {
						CreatedOnToolsVersion = 11.3;
					};
				};
			};
			buildConfigurationList = BA44651F23B6EBF8009071F6 /* Build configuration list for PBXProject "helloSwiftUI01" */;
			compatibilityVersion = "Xcode 9.3";
			developmentRegion = en;
			hasScannedForEncodings = 0;
			knownRegions = (
				en,
				Base,
			);
			mainGroup = BA44651B23B6EBF8009071F6;
			productRefGroup = BA44652523B6EBF8009071F6 /* Products */;
			projectDirPath = "";
			projectRoot = "";
			targets = (
				BA44652323B6EBF8009071F6 /* helloSwiftUI01 */,
			);
		};
/* End PBXProject section */

/* Begin PBXResourcesBuildPhase section */
		BA44652223B6EBF8009071F6 /* Resources */ = {
			isa = PBXResourcesBuildPhase;
			buildActionMask = 2147483647;
			files = (
				BA44653423B6EBFA009071F6 /* LaunchScreen.storyboard in Resources */,
				BA44653123B6EBFA009071F6 /* Preview Assets.xcassets in Resources */,
				BA44652E23B6EBFA009071F6 /* Assets.xcassets in Resources */,
			);
			runOnlyForDeploymentPostprocessing = 0;
		};
/* End PBXResourcesBuildPhase section */

/* Begin PBXSourcesBuildPhase section */
		BA44652023B6EBF8009071F6 /* Sources */ = {
			isa = PBXSourcesBuildPhase;
			buildActionMask = 2147483647;
			files = (
				BA44652823B6EBF8009071F6 /* AppDelegate.swift in Sources */,
				BA44652A23B6EBF8009071F6 /* SceneDelegate.swift in Sources */,
				BA44652C23B6EBF8009071F6 /* ContentView.swift in Sources */,
			);
			runOnlyForDeploymentPostprocessing = 0;
		};
/* End PBXSourcesBuildPhase section */

/* Begin PBXVariantGroup section */
		BA44653223B6EBFA009071F6 /* LaunchScreen.storyboard */ = {
			isa = PBXVariantGroup;
			children = (
				BA44653323B6EBFA009071F6 /* Base */,
			);
			name = LaunchScreen.storyboard;
			sourceTree = "<group>";
		};
/* End PBXVariantGroup section */

/* Begin XCBuildConfiguration section */
		BA44653623B6EBFA009071F6 /* Debug */ = {
			isa = XCBuildConfiguration;
			buildSettings = {
				ALWAYS_SEARCH_USER_PATHS = NO;
				CLANG_ANALYZER_NONNULL = YES;
				CLANG_ANALYZER_NUMBER_OBJECT_CONVERSION = YES_AGGRESSIVE;
				CLANG_CXX_LANGUAGE_STANDARD = "gnu++14";
				CLANG_CXX_LIBRARY = "libc++";
				CLANG_ENABLE_MODULES = YES;
				CLANG_ENABLE_OBJC_ARC = YES;
				CLANG_ENABLE_OBJC_WEAK = YES;
				CLANG_WARN_BLOCK_CAPTURE_AUTORELEASING = YES;
				CLANG_WARN_BOOL_CONVERSION = YES;
				CLANG_WARN_COMMA = YES;
				CLANG_WARN_CONSTANT_CONVERSION = YES;
				CLANG_WARN_DEPRECATED_OBJC_IMPLEMENTATIONS = YES;
				CLANG_WARN_DIRECT_OBJC_ISA_USAGE = YES_ERROR;
				CLANG_WARN_DOCUMENTATION_COMMENTS = YES;
				CLANG_WARN_EMPTY_BODY = YES;
				CLANG_WARN_ENUM_CONVERSION = YES;
				CLANG_WARN_INFINITE_RECURSION = YES;
				CLANG_WARN_INT_CONVERSION = YES;
				CLANG_WARN_NON_LITERAL_NULL_CONVERSION = YES;
				CLANG_WARN_OBJC_IMPLICIT_RETAIN_SELF = YES;
				CLANG_WARN_OBJC_LITERAL_CONVERSION = YES;
				CLANG_WARN_OBJC_ROOT_CLASS = YES_ERROR;
				CLANG_WARN_RANGE_LOOP_ANALYSIS = YES;
				CLANG_WARN_STRICT_PROTOTYPES = YES;
				CLANG_WARN_SUSPICIOUS_MOVE = YES;
				CLANG_WARN_UNGUARDED_AVAILABILITY = YES_AGGRESSIVE;
				CLANG_WARN_UNREACHABLE_CODE = YES;
				CLANG_WARN__DUPLICATE_METHOD_MATCH = YES;
				COPY_PHASE_STRIP = NO;
				DEBUG_INFORMATION_FORMAT = dwarf;
				ENABLE_STRICT_OBJC_MSGSEND = YES;
				ENABLE_TESTABILITY = YES;
				GCC_C_LANGUAGE_STANDARD = gnu11;
				GCC_DYNAMIC_NO_PIC = NO;
				GCC_NO_COMMON_BLOCKS = YES;
				GCC_OPTIMIZATION_LEVEL = 0;
				GCC_PREPROCESSOR_DEFINITIONS = (
					"DEBUG=1",
					"$(inherited)",
				);
				GCC_WARN_64_TO_32_BIT_CONVERSION = YES;
				GCC_WARN_ABOUT_RETURN_TYPE = YES_ERROR;
				GCC_WARN_UNDECLARED_SELECTOR = YES;
				GCC_WARN_UNINITIALIZED_AUTOS = YES_AGGRESSIVE;
				GCC_WARN_UNUSED_FUNCTION = YES;
				GCC_WARN_UNUSED_VARIABLE = YES;
				IPHONEOS_DEPLOYMENT_TARGET = 13.2;
				MTL_ENABLE_DEBUG_INFO = INCLUDE_SOURCE;
				MTL_FAST_MATH = YES;
				ONLY_ACTIVE_ARCH = YES;
				SDKROOT = iphoneos;
				SWIFT_ACTIVE_COMPILATION_CONDITIONS = DEBUG;
				SWIFT_OPTIMIZATION_LEVEL = "-Onone";
			};
			name = Debug;
		};
		BA44653723B6EBFA009071F6 /* Release */ = {
			isa = XCBuildConfiguration;
			buildSettings = {
				ALWAYS_SEARCH_USER_PATHS = NO;
				CLANG_ANALYZER_NONNULL = YES;
				CLANG_ANALYZER_NUMBER_OBJECT_CONVERSION = YES_AGGRESSIVE;
				CLANG_CXX_LANGUAGE_STANDARD = "gnu++14";
				CLANG_CXX_LIBRARY = "libc++";
				CLANG_ENABLE_MODULES = YES;
				CLANG_ENABLE_OBJC_ARC = YES;
				CLANG_ENABLE_OBJC_WEAK = YES;
				CLANG_WARN_BLOCK_CAPTURE_AUTORELEASING = YES;
				CLANG_WARN_BOOL_CONVERSION = YES;
				CLANG_WARN_COMMA = YES;
				CLANG_WARN_CONSTANT_CONVERSION = YES;
				CLANG_WARN_DEPRECATED_OBJC_IMPLEMENTATIONS = YES;
				CLANG_WARN_DIRECT_OBJC_ISA_USAGE = YES_ERROR;
				CLANG_WARN_DOCUMENTATION_COMMENTS = YES;
				CLANG_WARN_EMPTY_BODY = YES;
				CLANG_WARN_ENUM_CONVERSION = YES;
				CLANG_WARN_INFINITE_RECURSION = YES;
				CLANG_WARN_INT_CONVERSION = YES;
				CLANG_WARN_NON_LITERAL_NULL_CONVERSION = YES;
				CLANG_WARN_OBJC_IMPLICIT_RETAIN_SELF = YES;
				CLANG_WARN_OBJC_LITERAL_CONVERSION = YES;
				CLANG_WARN_OBJC_ROOT_CLASS = YES_ERROR;
				CLANG_WARN_RANGE_LOOP_ANALYSIS = YES;
				CLANG_WARN_STRICT_PROTOTYPES = YES;
				CLANG_WARN_SUSPICIOUS_MOVE = YES;
				CLANG_WARN_UNGUARDED_AVAILABILITY = YES_AGGRESSIVE;
				CLANG_WARN_UNREACHABLE_CODE = YES;
				CLANG_WARN__DUPLICATE_METHOD_MATCH = YES;
				COPY_PHASE_STRIP = NO;
				DEBUG_INFORMATION_FORMAT = "dwarf-with-dsym";
				ENABLE_NS_ASSERTIONS = NO;
				ENABLE_STRICT_OBJC_MSGSEND = YES;
				GCC_C_LANGUAGE_STANDARD = gnu11;
				GCC_NO_COMMON_BLOCKS = YES;
				GCC_WARN_64_TO_32_BIT_CONVERSION = YES;
				GCC_WARN_ABOUT_RETURN_TYPE = YES_ERROR;
				GCC_WARN_UNDECLARED_SELECTOR = YES;
				GCC_WARN_UNINITIALIZED_AUTOS = YES_AGGRESSIVE;
				GCC_WARN_UNUSED_FUNCTION = YES;
				GCC_WARN_UNUSED_VARIABLE = YES;
				IPHONEOS_DEPLOYMENT_TARGET = 13.2;
				MTL_ENABLE_DEBUG_INFO = NO;
				MTL_FAST_MATH = YES;
				SDKROOT = iphoneos;
				SWIFT_COMPILATION_MODE = wholemodule;
				SWIFT_OPTIMIZATION_LEVEL = "-O";
				VALIDATE_PRODUCT = YES;
			};
			name = Release;
		};
		BA44653923B6EBFA009071F6 /* Debug */ = {
			isa = XCBuildConfiguration;
			buildSettings = {
				ASSETCATALOG_COMPILER_APPICON_NAME = AppIcon;
				CODE_SIGN_STYLE = Automatic;
				DEVELOPMENT_ASSET_PATHS = "\"helloSwiftUI01/Preview Content\"";
				DEVELOPMENT_TEAM = XSVW22JPST;
				ENABLE_PREVIEWS = YES;
				INFOPLIST_FILE = helloSwiftUI01/Info.plist;
				LD_RUNPATH_SEARCH_PATHS = (
					"$(inherited)",
					"@executable_path/Frameworks",
				);
				PRODUCT_BUNDLE_IDENTIFIER = idev.sjw.helloSwiftUI01;
				PRODUCT_NAME = "$(TARGET_NAME)";
				SWIFT_VERSION = 5.0;
				TARGETED_DEVICE_FAMILY = "1,2";
			};
			name = Debug;
		};
		BA44653A23B6EBFA009071F6 /* Release */ = {
			isa = XCBuildConfiguration;
			buildSettings = {
				ASSETCATALOG_COMPILER_APPICON_NAME = AppIcon;
				CODE_SIGN_STYLE = Automatic;
				DEVELOPMENT_ASSET_PATHS = "\"helloSwiftUI01/Preview Content\"";
				DEVELOPMENT_TEAM = XSVW22JPST;
				ENABLE_PREVIEWS = YES;
				INFOPLIST_FILE = helloSwiftUI01/Info.plist;
				LD_RUNPATH_SEARCH_PATHS = (
					"$(inherited)",
					"@executable_path/Frameworks",
				);
				PRODUCT_BUNDLE_IDENTIFIER = idev.sjw.helloSwiftUI01;
				PRODUCT_NAME = "$(TARGET_NAME)";
				SWIFT_VERSION = 5.0;
				TARGETED_DEVICE_FAMILY = "1,2";
			};
			name = Release;
		};
/* End XCBuildConfiguration section */

/* Begin XCConfigurationList section */
		BA44651F23B6EBF8009071F6 /* Build configuration list for PBXProject "helloSwiftUI01" */ = {
			isa = XCConfigurationList;
			buildConfigurations = (
				BA44653623B6EBFA009071F6 /* Debug */,
				BA44653723B6EBFA009071F6 /* Release */,
			);
			defaultConfigurationIsVisible = 0;
			defaultConfigurationName = Release;
		};
		BA44653823B6EBFA009071F6 /* Build configuration list for PBXNativeTarget "helloSwiftUI01" */ = {
			isa = XCConfigurationList;
			buildConfigurations = (
				BA44653923B6EBFA009071F6 /* Debug */,
				BA44653A23B6EBFA009071F6 /* Release */,
			);
			defaultConfigurationIsVisible = 0;
			defaultConfigurationName = Release;
		};
/* End XCConfigurationList section */
	};
	rootObject = BA44651C23B6EBF8009071F6 /* Project object */;
}
